{
  "name": "bs-folktale",
  "version": "0.2.2",
  "lockfileVersion": 1,
  "requires": true,
  "dependencies": {
    "bs-platform": {
      "version": "2.2.2",
      "resolved": "https://registry.npmjs.org/bs-platform/-/bs-platform-2.2.2.tgz",
      "integrity": "sha1-lf83cZdxu/MQ6Ddv7dEUiGXA2hk=",
      "dev": true
    },
    "folktale": {
      "version": "2.2.0-alpha1",
      "resolved": "https://registry.npmjs.org/folktale/-/folktale-2.2.0-alpha1.tgz",
      "integrity": "sha512-iCeLFR+sadfIgw1T0T1vS/QUExXzubF2iXJc1zCppNLRO/TfnZ4kPPKGFhL1aKWStYwiEDIz/R6WKdTpNIwN8w==",
      "dev": true
    }
  }
}
